// !$*UTF8*$!
{
	archiveVersion = 1;
	classes = {
	};
	objectVersion = 50;
	objects = {

/* Begin PBXBuildFile section */
		A28869BC25B82F3100782AFE /* main.cpp in Sources */ = {isa = PBXBuildFile; fileRef = A28869BB25B82F3100782AFE /* main.cpp */; };
		A28869C025B82F3900782AFE /* libglfw.3.3.dylib in Frameworks */ = {isa = PBXBuildFile; fileRef = A23BFF2725A8718300B80EA8 /* libglfw.3.3.dylib */; };
		A28869C125B82F3A00782AFE /* OpenGL.framework in Frameworks */ = {isa = PBXBuildFile; fileRef = A23BFF0925A729BD00B80EA8 /* OpenGL.framework */; };
		A28869C225B82F4200782AFE /* shader_res in CopyFiles */ = {isa = PBXBuildFile; fileRef = A23BFF7825AC295D00B80EA8 /* shader_res */; };
		A28869C325B82F4C00782AFE /* glad.c in Sources */ = {isa = PBXBuildFile; fileRef = A23BFF0F25A72A4200B80EA8 /* glad.c */; };
		A28869C425B82F4C00782AFE /* Shader.cpp in Sources */ = {isa = PBXBuildFile; fileRef = A23BFF7425AC1C7E00B80EA8 /* Shader.cpp */; };
		A28869C525B82F4C00782AFE /* stb_image.cpp in Sources */ = {isa = PBXBuildFile; fileRef = A23BFFA125AD3E4500B80EA8 /* stb_image.cpp */; };
/* End PBXBuildFile section */

/* Begin PBXCopyFilesBuildPhase section */
		A28869B725B82F3100782AFE /* CopyFiles */ = {
			isa = PBXCopyFilesBuildPhase;
			buildActionMask = 12;
			dstPath = "";
			dstSubfolderSpec = 16;
			files = (
				A28869C225B82F4200782AFE /* shader_res in CopyFiles */,
			);
			runOnlyForDeploymentPostprocessing = 0;
		};
/* End PBXCopyFilesBuildPhase section */

/* Begin PBXFileReference section */
		A23BFF0925A729BD00B80EA8 /* OpenGL.framework */ = {isa = PBXFileReference; lastKnownFileType = wrapper.framework; name = OpenGL.framework; path = System/Library/Frameworks/OpenGL.framework; sourceTree = SDKROOT; };
		A23BFF0F25A72A4200B80EA8 /* glad.c */ = {isa = PBXFileReference; fileEncoding = 4; lastKnownFileType = sourcecode.c.c; path = glad.c; sourceTree = "<group>"; };
		A23BFF2725A8718300B80EA8 /* libglfw.3.3.dylib */ = {isa = PBXFileReference; lastKnownFileType = "compiled.mach-o.dylib"; name = libglfw.3.3.dylib; path = ../../../../../../../usr/local/lib/libglfw.3.3.dylib; sourceTree = "<group>"; };
		A23BFF7425AC1C7E00B80EA8 /* Shader.cpp */ = {isa = PBXFileReference; lastKnownFileType = sourcecode.cpp.cpp; path = Shader.cpp; sourceTree = "<group>"; };
		A23BFF7525AC1C7E00B80EA8 /* Shader.hpp */ = {isa = PBXFileReference; fileEncoding = 4; lastKnownFileType = sourcecode.cpp.h; lineEnding = 0; path = Shader.hpp; sourceTree = "<group>"; };
		A23BFF7825AC295D00B80EA8 /* shader_res */ = {isa = PBXFileReference; lastKnownFileType = folder; path = shader_res; sourceTree = "<group>"; };
		A23BFFA025AD3E2900B80EA8 /* stb_image.h */ = {isa = PBXFileReference; lastKnownFileType = sourcecode.c.h; path = stb_image.h; sourceTree = "<group>"; };
		A23BFFA125AD3E4500B80EA8 /* stb_image.cpp */ = {isa = PBXFileReference; lastKnownFileType = sourcecode.cpp.cpp; path = stb_image.cpp; sourceTree = "<group>"; };
		A28869B925B82F3100782AFE /* camera_lookAt */ = {isa = PBXFileReference; explicitFileType = "compiled.mach-o.executable"; includeInIndex = 0; path = camera_lookAt; sourceTree = BUILT_PRODUCTS_DIR; };
		A28869BB25B82F3100782AFE /* main.cpp */ = {isa = PBXFileReference; lastKnownFileType = sourcecode.cpp.cpp; path = main.cpp; sourceTree = "<group>"; };
/* End PBXFileReference section */

/* Begin PBXFrameworksBuildPhase section */
		A28869B625B82F3100782AFE /* Frameworks */ = {
			isa = PBXFrameworksBuildPhase;
			buildActionMask = 2147483647;
			files = (
				A28869C025B82F3900782AFE /* libglfw.3.3.dylib in Frameworks */,
				A28869C125B82F3A00782AFE /* OpenGL.framework in Frameworks */,
			);
			runOnlyForDeploymentPostprocessing = 0;
		};
/* End PBXFrameworksBuildPhase section */

/* Begin PBXGroup section */
		A23BFEF525A7243900B80EA8 = {
			isa = PBXGroup;
			children = (
				A23BFF7825AC295D00B80EA8 /* shader_res */,
				A23BFF2525A80D0C00B80EA8 /* common */,
				A28869BA25B82F3100782AFE /* camera_lookAt */,
				A23BFEFF25A7243900B80EA8 /* Products */,
				A23BFF0825A729BD00B80EA8 /* Frameworks */,
			);
			sourceTree = "<group>";
		};
		A23BFEFF25A7243900B80EA8 /* Products */ = {
			isa = PBXGroup;
			children = (
				A28869B925B82F3100782AFE /* camera_lookAt */,
			);
			name = Products;
			sourceTree = "<group>";
		};
		A23BFF0825A729BD00B80EA8 /* Frameworks */ = {
			isa = PBXGroup;
			children = (
				A23BFF2725A8718300B80EA8 /* libglfw.3.3.dylib */,
				A23BFF0925A729BD00B80EA8 /* OpenGL.framework */,
			);
			name = Frameworks;
			sourceTree = "<group>";
		};
		A23BFF2525A80D0C00B80EA8 /* common */ = {
			isa = PBXGroup;
			children = (
				A23BFFA025AD3E2900B80EA8 /* stb_image.h */,
				A23BFF0F25A72A4200B80EA8 /* glad.c */,
				A23BFF7425AC1C7E00B80EA8 /* Shader.cpp */,
				A23BFF7525AC1C7E00B80EA8 /* Shader.hpp */,
				A23BFFA125AD3E4500B80EA8 /* stb_image.cpp */,
			);
			path = common;
			sourceTree = "<group>";
		};
		A28869BA25B82F3100782AFE /* camera_lookAt */ = {
			isa = PBXGroup;
			children = (
				A28869BB25B82F3100782AFE /* main.cpp */,
			);
			path = camera_lookAt;
			sourceTree = "<group>";
		};
/* End PBXGroup section */

/* Begin PBXNativeTarget section */
		A28869B825B82F3100782AFE /* camera_lookAt */ = {
			isa = PBXNativeTarget;
			buildConfigurationList = A28869BD25B82F3100782AFE /* Build configuration list for PBXNativeTarget "camera_lookAt" */;
			buildPhases = (
				A28869B525B82F3100782AFE /* Sources */,
				A28869B625B82F3100782AFE /* Frameworks */,
				A28869B725B82F3100782AFE /* CopyFiles */,
			);
			buildRules = (
			);
			dependencies = (
			);
			name = camera_lookAt;
			productName = camera_lookAt;
			productReference = A28869B925B82F3100782AFE /* camera_lookAt */;
			productType = "com.apple.product-type.tool";
		};
/* End PBXNativeTarget section */

/* Begin PBXProject section */
		A23BFEF625A7243900B80EA8 /* Project object */ = {
			isa = PBXProject;
			attributes = {
				LastUpgradeCheck = 1110;
				ORGANIZATIONNAME = zyqiosexercise;
				TargetAttributes = {
					A28869B825B82F3100782AFE = {
						CreatedOnToolsVersion = 11.1;
					};
				};
			};
			buildConfigurationList = A23BFEF925A7243900B80EA8 /* Build configuration list for PBXProject "camera" */;
			compatibilityVersion = "Xcode 9.3";
			developmentRegion = en;
			hasScannedForEncodings = 0;
			knownRegions = (
				en,
				Base,
			);
			mainGroup = A23BFEF525A7243900B80EA8;
			productRefGroup = A23BFEFF25A7243900B80EA8 /* Products */;
			projectDirPath = "";
			projectRoot = "";
			targets = (
				A28869B825B82F3100782AFE /* camera_lookAt */,
			);
		};
/* End PBXProject section */

/* Begin PBXSourcesBuildPhase section */
		A28869B525B82F3100782AFE /* Sources */ = {
			isa = PBXSourcesBuildPhase;
			buildActionMask = 2147483647;
			files = (
				A28869C325B82F4C00782AFE /* glad.c in Sources */,
				A28869C425B82F4C00782AFE /* Shader.cpp in Sources */,
				A28869C525B82F4C00782AFE /* stb_image.cpp in Sources */,
				A28869BC25B82F3100782AFE /* main.cpp in Sources */,
			);
			runOnlyForDeploymentPostprocessing = 0;
		};
/* End PBXSourcesBuildPhase section */

/* Begin XCBuildConfiguration section */
		A23BFF0325A7243900B80EA8 /* Debug */ = {
			isa = XCBuildConfiguration;
			buildSettings = {
				ALWAYS_SEARCH_USER_PATHS = NO;
				CLANG_ANALYZER_NONNULL = YES;
				CLANG_ANALYZER_NUMBER_OBJECT_CONVERSION = YES_AGGRESSIVE;
				CLANG_CXX_LANGUAGE_STANDARD = "gnu++14";
				CLANG_CXX_LIBRARY = "libc++";
				CLANG_ENABLE_MODULES = YES;
				CLANG_ENABLE_OBJC_ARC = YES;
				CLANG_ENABLE_OBJC_WEAK = YES;
				CLANG_WARN_BLOCK_CAPTURE_AUTORELEASING = YES;
				CLANG_WARN_BOOL_CONVERSION = YES;
				CLANG_WARN_COMMA = YES;
				CLANG_WARN_CONSTANT_CONVERSION = YES;
				CLANG_WARN_DEPRECATED_OBJC_IMPLEMENTATIONS = YES;
				CLANG_WARN_DIRECT_OBJC_ISA_USAGE = YES_ERROR;
				CLANG_WARN_DOCUMENTATION_COMMENTS = YES;
				CLANG_WARN_EMPTY_BODY = YES;
				CLANG_WARN_ENUM_CONVERSION = YES;
				CLANG_WARN_INFINITE_RECURSION = YES;
				CLANG_WARN_INT_CONVERSION = YES;
				CLANG_WARN_NON_LITERAL_NULL_CONVERSION = YES;
				CLANG_WARN_OBJC_IMPLICIT_RETAIN_SELF = YES;
				CLANG_WARN_OBJC_LITERAL_CONVERSION = YES;
				CLANG_WARN_OBJC_ROOT_CLASS = YES_ERROR;
				CLANG_WARN_RANGE_LOOP_ANALYSIS = YES;
				CLANG_WARN_STRICT_PROTOTYPES = YES;
				CLANG_WARN_SUSPICIOUS_MOVE = YES;
				CLANG_WARN_UNGUARDED_AVAILABILITY = YES_AGGRESSIVE;
				CLANG_WARN_UNREACHABLE_CODE = YES;
				CLANG_WARN__DUPLICATE_METHOD_MATCH = YES;
				COPY_PHASE_STRIP = NO;
				DEBUG_INFORMATION_FORMAT = dwarf;
				ENABLE_STRICT_OBJC_MSGSEND = YES;
				ENABLE_TESTABILITY = YES;
				GCC_C_LANGUAGE_STANDARD = gnu11;
				GCC_DYNAMIC_NO_PIC = NO;
				GCC_NO_COMMON_BLOCKS = YES;
				GCC_OPTIMIZATION_LEVEL = 0;
				GCC_PREPROCESSOR_DEFINITIONS = (
					"DEBUG=1",
					"$(inherited)",
				);
				GCC_WARN_64_TO_32_BIT_CONVERSION = YES;
				GCC_WARN_ABOUT_RETURN_TYPE = YES_ERROR;
				GCC_WARN_UNDECLARED_SELECTOR = YES;
				GCC_WARN_UNINITIALIZED_AUTOS = YES_AGGRESSIVE;
				GCC_WARN_UNUSED_FUNCTION = YES;
				GCC_WARN_UNUSED_VARIABLE = YES;
				HEADER_SEARCH_PATHS = (
					/usr/local/include,
					"$(SRCROOT)",
				);
				LIBRARY_SEARCH_PATHS = "/usr/local/lib/**";
				MACOSX_DEPLOYMENT_TARGET = 10.14;
				MTL_ENABLE_DEBUG_INFO = INCLUDE_SOURCE;
				MTL_FAST_MATH = YES;
				ONLY_ACTIVE_ARCH = YES;
				SDKROOT = macosx;
			};
			name = Debug;
		};
		A23BFF0425A7243900B80EA8 /* Release */ = {
			isa = XCBuildConfiguration;
			buildSettings = {
				ALWAYS_SEARCH_USER_PATHS = NO;
				CLANG_ANALYZER_NONNULL = YES;
				CLANG_ANALYZER_NUMBER_OBJECT_CONVERSION = YES_AGGRESSIVE;
				CLANG_CXX_LANGUAGE_STANDARD = "gnu++14";
				CLANG_CXX_LIBRARY = "libc++";
				CLANG_ENABLE_MODULES = YES;
				CLANG_ENABLE_OBJC_ARC = YES;
				CLANG_ENABLE_OBJC_WEAK = YES;
				CLANG_WARN_BLOCK_CAPTURE_AUTORELEASING = YES;
				CLANG_WARN_BOOL_CONVERSION = YES;
				CLANG_WARN_COMMA = YES;
				CLANG_WARN_CONSTANT_CONVERSION = YES;
				CLANG_WARN_DEPRECATED_OBJC_IMPLEMENTATIONS = YES;
				CLANG_WARN_DIRECT_OBJC_ISA_USAGE = YES_ERROR;
				CLANG_WARN_DOCUMENTATION_COMMENTS = YES;
				CLANG_WARN_EMPTY_BODY = YES;
				CLANG_WARN_ENUM_CONVERSION = YES;
				CLANG_WARN_INFINITE_RECURSION = YES;
				CLANG_WARN_INT_CONVERSION = YES;
				CLANG_WARN_NON_LITERAL_NULL_CONVERSION = YES;
				CLANG_WARN_OBJC_IMPLICIT_RETAIN_SELF = YES;
				CLANG_WARN_OBJC_LITERAL_CONVERSION = YES;
				CLANG_WARN_OBJC_ROOT_CLASS = YES_ERROR;
				CLANG_WARN_RANGE_LOOP_ANALYSIS = YES;
				CLANG_WARN_STRICT_PROTOTYPES = YES;
				CLANG_WARN_SUSPICIOUS_MOVE = YES;
				CLANG_WARN_UNGUARDED_AVAILABILITY = YES_AGGRESSIVE;
				CLANG_WARN_UNREACHABLE_CODE = YES;
				CLANG_WARN__DUPLICATE_METHOD_MATCH = YES;
				COPY_PHASE_STRIP = NO;
				DEBUG_INFORMATION_FORMAT = "dwarf-with-dsym";
				ENABLE_NS_ASSERTIONS = NO;
				ENABLE_STRICT_OBJC_MSGSEND = YES;
				GCC_C_LANGUAGE_STANDARD = gnu11;
				GCC_NO_COMMON_BLOCKS = YES;
				GCC_WARN_64_TO_32_BIT_CONVERSION = YES;
				GCC_WARN_ABOUT_RETURN_TYPE = YES_ERROR;
				GCC_WARN_UNDECLARED_SELECTOR = YES;
				GCC_WARN_UNINITIALIZED_AUTOS = YES_AGGRESSIVE;
				GCC_WARN_UNUSED_FUNCTION = YES;
				GCC_WARN_UNUSED_VARIABLE = YES;
				HEADER_SEARCH_PATHS = (
					/usr/local/include,
					"$(SRCROOT)",
				);
				LIBRARY_SEARCH_PATHS = "/usr/local/lib/**";
				MACOSX_DEPLOYMENT_TARGET = 10.14;
				MTL_ENABLE_DEBUG_INFO = NO;
				MTL_FAST_MATH = YES;
				SDKROOT = macosx;
			};
			name = Release;
		};
		A28869BE25B82F3100782AFE /* Debug */ = {
			isa = XCBuildConfiguration;
			buildSettings = {
				CODE_SIGN_STYLE = Automatic;
				PRODUCT_NAME = "$(TARGET_NAME)";
			};
			name = Debug;
		};
		A28869BF25B82F3100782AFE /* Release */ = {
			isa = XCBuildConfiguration;
			buildSettings = {
				CODE_SIGN_STYLE = Automatic;
				PRODUCT_NAME = "$(TARGET_NAME)";
			};
			name = Release;
		};
/* End XCBuildConfiguration section */

/* Begin XCConfigurationList section */
		A23BFEF925A7243900B80EA8 /* Build configuration list for PBXProject "camera" */ = {
			isa = XCConfigurationList;
			buildConfigurations = (
				A23BFF0325A7243900B80EA8 /* Debug */,
				A23BFF0425A7243900B80EA8 /* Release */,
			);
			defaultConfigurationIsVisible = 0;
			defaultConfigurationName = Release;
		};
		A28869BD25B82F3100782AFE /* Build configuration list for PBXNativeTarget "camera_lookAt" */ = {
			isa = XCConfigurationList;
			buildConfigurations = (
				A28869BE25B82F3100782AFE /* Debug */,
				A28869BF25B82F3100782AFE /* Release */,
			);
			defaultConfigurationIsVisible = 0;
			defaultConfigurationName = Release;
		};
/* End XCConfigurationList section */
	};
	rootObject = A23BFEF625A7243900B80EA8 /* Project object */;
}
